hash: 3fb3d47e57048c94181707df3399c64729207c77b7c8bb4b687962fabf90ce9f
updated: 2017-05-31T21:02:00.372666205-03:00
imports:
- name: github.com/asaskevich/govalidator
  version: 7b3beb6df3c42abd3509abfc3bcacc0fbfb7c877
- name: github.com/aws/aws-sdk-go
  version: d43439f542aac478e400c879d32e567a406d172b
  subpackages:
  - aws
  - aws/awserr
  - aws/awsutil
  - aws/client
  - aws/client/metadata
  - aws/corehandlers
  - aws/credentials
  - aws/credentials/ec2rolecreds
  - aws/credentials/endpointcreds
  - aws/credentials/stscreds
  - aws/defaults
  - aws/ec2metadata
  - aws/endpoints
  - aws/request
  - aws/session
  - aws/signer/v4
  - private/protocol
  - private/protocol/query
  - private/protocol/query/queryutil
  - private/protocol/rest
  - private/protocol/restxml
  - private/protocol/xml/xmlutil
  - service/s3
  - service/sts
- name: github.com/blang/semver
  version: b38d23b8782a487059e8fc8773e9a5b228a77cb6
- name: github.com/boltdb/bolt
  version: 583e8937c61f1af6513608ccc75c97b6abdf4ff9
- name: github.com/chzyer/readline
  version: 41eea22f717c616615e1e59aa06cf831f9901f35
- name: github.com/dchest/blake2b
  version: 06006a921c7d13e3fdf63c401cb0e4529a26e6e4
- name: github.com/donovanhide/eventsource
  version: fd1de70867126402be23c306e1ce32828455d85b
- name: github.com/facebookgo/clock
  version: 600d898af40aa09a7a93ecb9265d87b0504b6f03
- name: github.com/facebookgo/httpdown
  version: a3b1354551a26449fbe05f5d855937f6e7acbd71
- name: github.com/facebookgo/stats
  version: 1b76add642e42c6ffba7211ad7b3939ce654526e
- name: github.com/fullsailor/pkcs7
  version: eb67e7e564b9eae64dc7d95fae0784d6086a5fc4
- name: github.com/go-ini/ini
  version: 36da989cdc560b989d8f195aec46214d33665d20
- name: github.com/go-zoo/bone
  version: fd0aebc74e908868b09ac140fb5a53cb363884c1
- name: github.com/golang/protobuf
  version: 2bba0603135d7d7f5cb73b2125beeda19c09f4ef
  subpackages:
  - proto
- name: github.com/google/go-github
  version: 466070b0580728e63bd1a415e0019639e55d7148
  subpackages:
  - github
- name: github.com/google/go-querystring
  version: 9235644dd9e52eeae6fa48efd539fdc351a0af53
  subpackages:
  - query
- name: github.com/jmespath/go-jmespath
  version: bd40a432e4c76585ef6b72d3fd96fb9b6dc7b68d
- name: github.com/kardianos/osext
  version: c2c54e542fb797ad986b31721e1baedf214ca413
- name: github.com/keybase/go-triplesec
  version: b360b8252869a5ac88df3ed7897bc3b6d1e55dd2
  subpackages:
  - sha3
- name: github.com/manifoldco/ansiwrap
  version: c0a8ca03bf663de63b9a3e4283986a5824c1850b
- name: github.com/manifoldco/go-base32
  version: b6687e64fc5e75d8bb58badb858d79c46b0eee96
- name: github.com/manifoldco/go-base64
  version: bb5e620cf51d2bbe78e624a2c27117655ce73acc
- name: github.com/natefinch/lumberjack
  version: a96e63847dc3c67d17befa69c303767e2f84e54f
- name: github.com/natefinch/npipe
  version: c1b8fa8bdccecb0b8db834ee0b92fdbcfa606dd6
- name: github.com/nightlyone/lockfile
  version: 1d49c987357a327b5b03aa84cbddd582c328615d
- name: github.com/satori/go.uuid
  version: 879c5887cd475cd7864858769793b2ceb0d44feb
- name: github.com/urfave/cli
  version: 0bdeddeeb0f650497d603c4ad7b20cfe685682f6
- name: golang.org/x/crypto
  version: 9ef620b9ca2f82b55030ffd4f41327fa9e77a92c
  subpackages:
  - curve25519
  - ed25519
  - ed25519/internal/edwards25519
  - nacl/box
  - nacl/secretbox
  - pbkdf2
  - poly1305
  - salsa20
  - salsa20/salsa
  - scrypt
  - ssh
  - terminal
  - twofish
- name: golang.org/x/net
  version: d1e1b351919c6738fdeb9893d5c998b161464f0c
  subpackages:
  - context
- name: golang.org/x/oauth2
  version: 7fdf09982454086d5570c7db3e11f360194830ca
  subpackages:
  - internal
- name: google.golang.org/appengine
  version: 170382fa85b10b94728989dfcf6cc818b335c952
  subpackages:
  - internal
  - internal/base
  - internal/datastore
  - internal/log
  - internal/remote_api
  - internal/urlfetch
  - urlfetch
- name: gopkg.in/oleiade/reflections.v1
  version: 2b6ec3da648e3e834dc41bad8d9ed7f2dc6a9496
testImports: []
