# This file is autogenerated, do not edit; changes may be undone by the next 'dep ensure'.


[[projects]]
  name = "github.com/Microsoft/go-winio"
  packages = ["."]
  revision = "7da180ee92d8bd8bb8c37fc560e673e6557c392f"
  version = "v0.4.7"

[[projects]]
  name = "github.com/alecthomas/gometalinter"
  packages = ["."]
  revision = "bae2f1293d092fd8167939d5108d1b025eaef9de"

[[projects]]
  branch = "master"
  name = "github.com/alecthomas/units"
  packages = ["."]
  revision = "2efee857e7cfd4f3d0138cc3cbb1b4966962b93a"

[[projects]]
  name = "github.com/asaskevich/govalidator"
  packages = ["."]
  revision = "7b3beb6df3c42abd3509abfc3bcacc0fbfb7c877"
  version = "v5"

[[projects]]
  name = "github.com/awnumar/memguard"
  packages = [".","memcall"]
  revision = "b482b0c828e2eeecbfebb05ca965c8d571afaeff"
  version = "v0.13.2"

[[projects]]
  name = "github.com/aws/aws-sdk-go"
  packages = ["aws","aws/awserr","aws/awsutil","aws/client","aws/client/metadata","aws/corehandlers","aws/credentials","aws/credentials/ec2rolecreds","aws/credentials/endpointcreds","aws/credentials/stscreds","aws/defaults","aws/ec2metadata","aws/endpoints","aws/request","aws/session","aws/signer/v4","internal/shareddefaults","private/protocol","private/protocol/query","private/protocol/query/queryutil","private/protocol/rest","private/protocol/restxml","private/protocol/xml/xmlutil","service/s3","service/sts"]
  revision = "c13a879e75646fe750d21bcb05bf2cabea9791c1"
  version = "v1.12.65"

[[projects]]
  name = "github.com/blang/semver"
  packages = ["."]
  revision = "2ee87856327ba09384cabd113bc6b5d174e9ec0f"
  version = "v3.5.1"

[[projects]]
  name = "github.com/boltdb/bolt"
  packages = ["."]
  revision = "2f1ce7a837dcb8da3ec595b1dac9d0632f0f99e8"
  version = "v1.3.1"

[[projects]]
  name = "github.com/briandowns/spinner"
  packages = ["."]
  revision = "48dbb65d7bd5c74ab50d53d04c949f20e3d14944"
  version = "1.0"

[[projects]]
  name = "github.com/chzyer/readline"
  packages = ["."]
  revision = "41eea22f717c616615e1e59aa06cf831f9901f35"

[[projects]]
  name = "github.com/client9/misspell"
  packages = [".","cmd/misspell"]
  revision = "59894abde931a32630d4e884a09c682ed20c5c7c"
  version = "v0.3.0"

[[projects]]
  branch = "master"
  name = "github.com/dchest/blake2b"
  packages = ["."]
  revision = "06006a921c7d13e3fdf63c401cb0e4529a26e6e4"

[[projects]]
  branch = "master"
  name = "github.com/donovanhide/eventsource"
  packages = ["."]
  revision = "3ed64d21fb0b6bd8b49bcfec08f3004daee8723d"

[[projects]]
  branch = "master"
  name = "github.com/facebookgo/clock"
  packages = ["."]
  revision = "600d898af40aa09a7a93ecb9265d87b0504b6f03"

[[projects]]
  branch = "master"
  name = "github.com/facebookgo/httpdown"
  packages = ["."]
  revision = "a3b1354551a26449fbe05f5d855937f6e7acbd71"

[[projects]]
  branch = "master"
  name = "github.com/facebookgo/stats"
  packages = ["."]
  revision = "1b76add642e42c6ffba7211ad7b3939ce654526e"

[[projects]]
  name = "github.com/fatih/color"
  packages = ["."]
  revision = "570b54cabe6b8eb0bc2dfce68d964677d63b5260"
  version = "v1.5.0"

[[projects]]
  branch = "master"
  name = "github.com/fullsailor/pkcs7"
  packages = ["."]
  revision = "a009d8d7de53d9503c797cb8ec66fa3b21eed209"

[[projects]]
  name = "github.com/go-ini/ini"
  packages = ["."]
  revision = "32e4c1e6bc4e7d0d8451aa6b75200d19e37a536a"
  version = "v1.32.0"

[[projects]]
  name = "github.com/go-zoo/bone"
  packages = ["."]
  revision = "fd0aebc74e908868b09ac140fb5a53cb363884c1"
  version = "1.2"

[[projects]]
  branch = "master"
  name = "github.com/golang/lint"
  packages = [".","golint"]
  revision = "e14d9b0f1d332b1420c1ffa32562ad2dc84d645d"

[[projects]]
  branch = "master"
  name = "github.com/golang/protobuf"
  packages = ["proto"]
  revision = "1e59b77b52bf8e4b449a57e6f79f21226d571845"

[[projects]]
  name = "github.com/google/go-github"
  packages = ["github"]
  revision = "466070b0580728e63bd1a415e0019639e55d7148"

[[projects]]
  branch = "master"
  name = "github.com/google/go-querystring"
  packages = ["query"]
  revision = "53e6ce116135b80d037921a7fdd5138cf32d7a8a"

[[projects]]
  branch = "master"
  name = "github.com/google/shlex"
  packages = ["."]
  revision = "6f45313302b9c56850fc17f99e40caebce98c716"

[[projects]]
  branch = "master"
  name = "github.com/gordonklaus/ineffassign"
  packages = ["."]
  revision = "7bae11eba15a3285c75e388f77eb6357a2d73ee2"

[[projects]]
  name = "github.com/jmespath/go-jmespath"
  packages = ["."]
  revision = "0b12d6b5"

[[projects]]
  name = "github.com/jteeuwen/go-bindata"
  packages = ["."]
  revision = "bbd0c6e271208dce66d8fda4bc536453cd27fc4a"
  version = "v3.0.7"

[[projects]]
  branch = "master"
  name = "github.com/juju/ansiterm"
  packages = [".","tabwriter"]
  revision = "720a0952cc2ac777afc295d9861263e2a4cf96a1"

[[projects]]
  branch = "master"
  name = "github.com/kardianos/osext"
  packages = ["."]
  revision = "ae77be60afb1dcacde03767a8c37337fad28ac14"

[[projects]]
  branch = "master"
  name = "github.com/keybase/go-triplesec"
  packages = [".","sha3"]
  revision = "b360b8252869a5ac88df3ed7897bc3b6d1e55dd2"

[[projects]]
  branch = "master"
  name = "github.com/lunixbochs/vtclean"
  packages = ["."]
  revision = "d14193dfc626125c831501c1c42340b4248e1f5a"

[[projects]]
  name = "github.com/manifoldco/ansiwrap"
  packages = ["."]
  revision = "c0a8ca03bf663de63b9a3e4283986a5824c1850b"
  version = "v1.0.0"

[[projects]]
  name = "github.com/manifoldco/go-base32"
  packages = ["."]
  revision = "b6687e64fc5e75d8bb58badb858d79c46b0eee96"
  version = "v1.0.0"

[[projects]]
  name = "github.com/manifoldco/go-base64"
  packages = ["."]
  revision = "bb5e620cf51d2bbe78e624a2c27117655ce73acc"
  version = "v1.0.0"

[[projects]]
  name = "github.com/mattn/go-colorable"
  packages = ["."]
  revision = "167de6bfdfba052fa6b2d3664c8f5272e23c9072"
  version = "v0.0.9"

[[projects]]
  name = "github.com/mattn/go-isatty"
  packages = ["."]
  revision = "0360b2af4f38e8d38c7fce2a9f4e702702d73a39"
  version = "v0.0.3"

[[projects]]
  name = "github.com/natefinch/lumberjack"
  packages = ["."]
  revision = "a96e63847dc3c67d17befa69c303767e2f84e54f"
  version = "v2.1"

[[projects]]
  name = "github.com/nicksnyder/go-i18n"
  packages = ["i18n","i18n/bundle","i18n/language","i18n/translation"]
  revision = "0dc1626d56435e9d605a29875701721c54bc9bbd"
  version = "v1.10.0"

[[projects]]
  branch = "master"
  name = "github.com/nightlyone/lockfile"
  packages = ["."]
  revision = "6a197d5ea61168f2ac821de2b7f011b250904900"

[[projects]]
  name = "github.com/onsi/gomega"
  packages = [".","format","internal/assertion","internal/asyncassertion","internal/oraclematcher","internal/testingtsupport","matchers","matchers/support/goraph/bipartitegraph","matchers/support/goraph/edge","matchers/support/goraph/node","matchers/support/goraph/util","types"]
  revision = "003f63b7f4cff3fc95357005358af2de0f5fe152"
  version = "v1.3.0"

[[projects]]
  name = "github.com/pelletier/go-toml"
  packages = ["."]
  revision = "16398bac157da96aa88f98a2df640c7f32af1da2"
  version = "v1.0.1"

[[projects]]
  name = "github.com/satori/go.uuid"
  packages = ["."]
  revision = "f58768cc1a7a7e77a3bd49e98cdd21419399b6a3"
  version = "v1.2.0"

[[projects]]
  branch = "master"
  name = "github.com/tsenart/deadcode"
  packages = ["."]
  revision = "210d2dc333e90c7e3eedf4f2242507a8e83ed4ab"

[[projects]]
  name = "github.com/urfave/cli"
  packages = ["."]
  revision = "cfb38830724cc34fedffe9a2a29fb54fa9169cd1"
  version = "v1.20.0"

[[projects]]
  branch = "master"
  name = "golang.org/x/crypto"
  packages = ["curve25519","ed25519","ed25519/internal/edwards25519","nacl/box","nacl/secretbox","pbkdf2","poly1305","salsa20","salsa20/salsa","scrypt","twofish"]
  revision = "13931e22f9e72ea58bb73048bc752b48c6d4d4ac"

[[projects]]
  branch = "master"
  name = "golang.org/x/net"
  packages = ["context","context/ctxhttp","html","html/atom","html/charset"]
  revision = "5ccada7d0a7ba9aeb5d3aca8d3501b4c2a509fec"

[[projects]]
  branch = "master"
  name = "golang.org/x/oauth2"
  packages = [".","internal"]
  revision = "b28fcf2b08a19742b43084fb40ab78ac6c3d8067"

[[projects]]
  branch = "master"
  name = "golang.org/x/sys"
  packages = ["unix","windows"]
  revision = "2c42eef0765b9837fbdab12011af7830f55f88f0"

[[projects]]
  branch = "master"
  name = "golang.org/x/text"
  packages = ["encoding","encoding/charmap","encoding/htmlindex","encoding/internal","encoding/internal/identifier","encoding/japanese","encoding/korean","encoding/simplifiedchinese","encoding/traditionalchinese","encoding/unicode","internal/gen","internal/tag","internal/utf8internal","language","runes","transform","unicode/cldr"]
  revision = "e19ae1496984b1c655b8044a65c0300a3c878dd3"

[[projects]]
  branch = "master"
  name = "golang.org/x/tools"
  packages = ["go/gcexportdata","go/gcimporter15","go/types/typeutil"]
  revision = "af2bfe26b6891a197d033db63786cf8eb6bebd7b"

[[projects]]
  name = "google.golang.org/appengine"
  packages = ["internal","internal/base","internal/datastore","internal/log","internal/remote_api","internal/urlfetch","urlfetch"]
  revision = "150dc57a1b433e64154302bdc40b6bb8aefa313a"
  version = "v1.0.0"

[[projects]]
  name = "gopkg.in/alecthomas/kingpin.v3-unstable"
  packages = ["."]
  revision = "63abe20a23e29e80bbef8089bd3dee3ac25e5306"

[[projects]]
  name = "gopkg.in/oleiade/reflections.v1"
  packages = ["."]
  revision = "2b6ec3da648e3e834dc41bad8d9ed7f2dc6a9496"
  version = "v1.0.0"

[[projects]]
  branch = "v2"
  name = "gopkg.in/yaml.v2"
  packages = ["."]
  revision = "d670f9405373e636a5a2765eea47fac0c9bc91a4"

[solve-meta]
  analyzer-name = "dep"
  analyzer-version = 1
  inputs-digest = "a7676fcc388b53a60a57470c500c0c678bfbf8eddb93d072b9e908ab21dfcc98"
  solver-name = "gps-cdcl"
  solver-version = 1
