# This file is autogenerated, do not edit; changes may be undone by the next 'dep ensure'.


[[projects]]
  name = "github.com/Microsoft/go-winio"
  packages = ["."]
  revision = "78439966b38d69bf38227fbf57ac8a6fee70f69a"
  version = "v0.4.5"

[[projects]]
  name = "github.com/asaskevich/govalidator"
  packages = ["."]
  revision = "7b3beb6df3c42abd3509abfc3bcacc0fbfb7c877"
  version = "v5"

[[projects]]
  name = "github.com/awnumar/memguard"
  packages = [".","memcall"]
  revision = "b482b0c828e2eeecbfebb05ca965c8d571afaeff"
  version = "v0.13.2"

[[projects]]
  name = "github.com/aws/aws-sdk-go"
  packages = ["aws","aws/awserr","aws/awsutil","aws/client","aws/client/metadata","aws/corehandlers","aws/credentials","aws/credentials/ec2rolecreds","aws/credentials/endpointcreds","aws/credentials/stscreds","aws/defaults","aws/ec2metadata","aws/endpoints","aws/request","aws/session","aws/signer/v4","internal/shareddefaults","private/protocol","private/protocol/query","private/protocol/query/queryutil","private/protocol/rest","private/protocol/restxml","private/protocol/xml/xmlutil","service/s3","service/sts"]
  revision = "0c22c3d22be15d3be3d22b8dedabbf5dd4304730"
  version = "v1.12.34"

[[projects]]
  name = "github.com/blang/semver"
  packages = ["."]
  revision = "2ee87856327ba09384cabd113bc6b5d174e9ec0f"
  version = "v3.5.1"

[[projects]]
  name = "github.com/boltdb/bolt"
  packages = ["."]
  revision = "2f1ce7a837dcb8da3ec595b1dac9d0632f0f99e8"
  version = "v1.3.1"

[[projects]]
  branch = "master"
  name = "github.com/chzyer/readline"
  packages = ["."]
  revision = "41eea22f717c616615e1e59aa06cf831f9901f35"

[[projects]]
  branch = "master"
  name = "github.com/dchest/blake2b"
  packages = ["."]
  revision = "06006a921c7d13e3fdf63c401cb0e4529a26e6e4"

[[projects]]
  name = "github.com/donovanhide/eventsource"
  packages = ["."]
  revision = "fd1de70867126402be23c306e1ce32828455d85b"

[[projects]]
  branch = "master"
  name = "github.com/facebookgo/clock"
  packages = ["."]
  revision = "600d898af40aa09a7a93ecb9265d87b0504b6f03"

[[projects]]
  branch = "master"
  name = "github.com/facebookgo/httpdown"
  packages = ["."]
  revision = "a3b1354551a26449fbe05f5d855937f6e7acbd71"

[[projects]]
  branch = "master"
  name = "github.com/facebookgo/stats"
  packages = ["."]
  revision = "1b76add642e42c6ffba7211ad7b3939ce654526e"

[[projects]]
  name = "github.com/fullsailor/pkcs7"
  packages = ["."]
  revision = "eb67e7e564b9eae64dc7d95fae0784d6086a5fc4"

[[projects]]
  name = "github.com/go-ini/ini"
  packages = ["."]
  revision = "32e4c1e6bc4e7d0d8451aa6b75200d19e37a536a"
  version = "v1.32.0"

[[projects]]
  name = "github.com/go-zoo/bone"
  packages = ["."]
  revision = "fd0aebc74e908868b09ac140fb5a53cb363884c1"
  version = "1.2"

[[projects]]
  name = "github.com/golang/protobuf"
  packages = ["proto"]
  revision = "2bba0603135d7d7f5cb73b2125beeda19c09f4ef"

[[projects]]
  name = "github.com/google/go-github"
  packages = ["github"]
  revision = "466070b0580728e63bd1a415e0019639e55d7148"

[[projects]]
  name = "github.com/google/go-querystring"
  packages = ["query"]
  revision = "9235644dd9e52eeae6fa48efd539fdc351a0af53"

[[projects]]
  branch = "master"
  name = "github.com/google/shlex"
  packages = ["."]
  revision = "6f45313302b9c56850fc17f99e40caebce98c716"

[[projects]]
  name = "github.com/jmespath/go-jmespath"
  packages = ["."]
  revision = "0b12d6b5"

[[projects]]
  name = "github.com/kardianos/osext"
  packages = ["."]
  revision = "c2c54e542fb797ad986b31721e1baedf214ca413"

[[projects]]
  branch = "master"
  name = "github.com/keybase/go-triplesec"
  packages = [".","sha3"]
  revision = "b360b8252869a5ac88df3ed7897bc3b6d1e55dd2"

[[projects]]
  name = "github.com/manifoldco/ansiwrap"
  packages = ["."]
  revision = "c0a8ca03bf663de63b9a3e4283986a5824c1850b"
  version = "v1.0.0"

[[projects]]
  name = "github.com/manifoldco/go-base32"
  packages = ["."]
  revision = "b6687e64fc5e75d8bb58badb858d79c46b0eee96"
  version = "v1.0.0"

[[projects]]
  name = "github.com/manifoldco/go-base64"
  packages = ["."]
  revision = "bb5e620cf51d2bbe78e624a2c27117655ce73acc"
  version = "v1.0.0"

[[projects]]
  name = "github.com/natefinch/lumberjack"
  packages = ["."]
  revision = "a96e63847dc3c67d17befa69c303767e2f84e54f"
  version = "v2.1"

[[projects]]
  name = "github.com/nightlyone/lockfile"
  packages = ["."]
  revision = "1d49c987357a327b5b03aa84cbddd582c328615d"

[[projects]]
  name = "github.com/onsi/gomega"
  packages = [".","format","internal/assertion","internal/asyncassertion","internal/oraclematcher","internal/testingtsupport","matchers","matchers/support/goraph/bipartitegraph","matchers/support/goraph/edge","matchers/support/goraph/node","matchers/support/goraph/util","types"]
  revision = "334b8f472b3af5d541c5642701c1e29e2126f486"
  version = "v1.1.0"

[[projects]]
  name = "github.com/satori/go.uuid"
  packages = ["."]
  revision = "879c5887cd475cd7864858769793b2ceb0d44feb"
  version = "v1.1.0"

[[projects]]
  name = "github.com/urfave/cli"
  packages = ["."]
  revision = "cfb38830724cc34fedffe9a2a29fb54fa9169cd1"
  version = "v1.20.0"

[[projects]]
  name = "golang.org/x/crypto"
  packages = ["curve25519","ed25519","ed25519/internal/edwards25519","nacl/box","nacl/secretbox","pbkdf2","poly1305","salsa20","salsa20/salsa","scrypt","twofish"]
  revision = "9ef620b9ca2f82b55030ffd4f41327fa9e77a92c"

[[projects]]
  name = "golang.org/x/net"
  packages = ["context"]
  revision = "d1e1b351919c6738fdeb9893d5c998b161464f0c"

[[projects]]
  name = "golang.org/x/oauth2"
  packages = [".","internal"]
  revision = "7fdf09982454086d5570c7db3e11f360194830ca"

[[projects]]
  branch = "master"
  name = "golang.org/x/sys"
  packages = ["unix","windows"]
  revision = "9167dbfd0f8e88b731dd88cbf73a270701a37bb4"

[[projects]]
  name = "google.golang.org/appengine"
  packages = ["internal","internal/base","internal/datastore","internal/log","internal/remote_api","internal/urlfetch","urlfetch"]
  revision = "170382fa85b10b94728989dfcf6cc818b335c952"

[[projects]]
  name = "gopkg.in/oleiade/reflections.v1"
  packages = ["."]
  revision = "2b6ec3da648e3e834dc41bad8d9ed7f2dc6a9496"
  version = "v1.0.0"

[[projects]]
  name = "gopkg.in/yaml.v2"
  packages = ["."]
  revision = "cd8b52f8269e0feb286dfeef29f8fe4d5b397e0b"

[solve-meta]
  analyzer-name = "dep"
  analyzer-version = 1
  inputs-digest = "0e1972d9e0fd96126df65ad2a8eaeddd48e7c051a128dda71434a5b4ded2899a"
  solver-name = "gps-cdcl"
  solver-version = 1
