hash: 1505a84352f176923d83bd3677f0e3c4483456786f52715a62d22f497b63ec32
updated: 2016-07-25T15:21:13.509721912-03:00
imports:
- name: github.com/facebookgo/clock
  version: 600d898af40aa09a7a93ecb9265d87b0504b6f03
- name: github.com/facebookgo/httpdown
  version: a3b1354551a26449fbe05f5d855937f6e7acbd71
- name: github.com/facebookgo/stats
  version: 1b76add642e42c6ffba7211ad7b3939ce654526e
- name: github.com/go-ini/ini
  version: cf53f9204df4fbdd7ec4164b57fa6184ba168292
- name: github.com/go-zoo/bone
  version: 0237f0c5455f175a6513e21afe050e128902dc7f
- name: github.com/kardianos/osext
  version: 29ae4ffbc9a6fe9fb2bc5029050ce6996ea1d3bc
- name: github.com/mitchellh/go-homedir
  version: 756f7b183b7ab78acdbbee5c7f392838ed459dda
- name: github.com/natefinch/lumberjack
  version: 514cbda263a734ae8caac038dadf05f8f3f9f738
- name: github.com/nightlyone/lockfile
  version: b30dcbfa86e3a1eaa4e6622de2ce57be2c138c10
- name: github.com/satori/go.uuid
  version: f9ab0dce87d815821e221626b772e3475a0d2749
- name: golang.org/x/crypto
  version: 10c26747e67d76ad4fafe6087c6f4073c3b22942
  subpackages:
  - scrypt
  - pbkdf2
devImports: []
