hash: 78f9c61f06ac6b02060ac47a6a1620891b47b9426a46266f21704d0129221753
updated: 2016-07-14T16:26:22.077376581-03:00
imports:
- name: github.com/facebookgo/clock
  version: 600d898af40aa09a7a93ecb9265d87b0504b6f03
- name: github.com/facebookgo/httpdown
  version: a3b1354551a26449fbe05f5d855937f6e7acbd71
- name: github.com/facebookgo/stats
  version: 1b76add642e42c6ffba7211ad7b3939ce654526e
- name: github.com/go-zoo/bone
  version: 0237f0c5455f175a6513e21afe050e128902dc7f
- name: github.com/natefinch/lumberjack
  version: 514cbda263a734ae8caac038dadf05f8f3f9f738
- name: github.com/nightlyone/lockfile
  version: b30dcbfa86e3a1eaa4e6622de2ce57be2c138c10
- name: github.com/satori/go.uuid
  version: f9ab0dce87d815821e221626b772e3475a0d2749
devImports: []
